
Microsoft Visual Studio Solution File, Format Version 12.00
# Visual Studio Version 16
VisualStudioVersion = 16.0.31829.152
MinimumVisualStudioVersion = 10.0.40219.1
Project("{9A19103F-16F7-4668-BE54-9A1E7A4F7556}") = "MyMVCDemoo", "MyMVCDemoo\MyMVCDemoo.csproj", "{051CBCAD-1647-45E4-B5F5-1CB546AFEB5C}"
EndProject
Project("{2150E333-8FDC-42A3-9474-1A3956D46DE8}") = "Solution Items", "Solution Items", "{1BB0D9CF-9A41-4179-970F-B71EE3AE4CB7}"
	ProjectSection(SolutionItems) = preProject
		参考文件.html = 参考文件.html
	EndProjectSection
EndProject
Global
	GlobalSection(SolutionConfigurationPlatforms) = preSolution
		Debug|Any CPU = Debug|Any CPU
		Release|Any CPU = Release|Any CPU
	EndGlobalSection
	GlobalSection(ProjectConfigurationPlatforms) = postSolution
		{051CBCAD-1647-45E4-B5F5-1CB546AFEB5C}.Debug|Any CPU.ActiveCfg = Debug|Any CPU
		{051CBCAD-1647-45E4-B5F5-1CB546AFEB5C}.Debug|Any CPU.Build.0 = Debug|Any CPU
		{051CBCAD-1647-45E4-B5F5-1CB546AFEB5C}.Release|Any CPU.ActiveCfg = Release|Any CPU
		{051CBCAD-1647-45E4-B5F5-1CB546AFEB5C}.Release|Any CPU.Build.0 = Release|Any CPU
	EndGlobalSection
	GlobalSection(SolutionProperties) = preSolution
		HideSolutionNode = FALSE
	EndGlobalSection
	GlobalSection(ExtensibilityGlobals) = postSolution
		SolutionGuid = {8A1145F0-B226-4E9A-BEFC-3893E5C50D47}
	EndGlobalSection
EndGlobal
